
Microsoft Visual Studio Solution File, Format Version 12.00
# Visual Studio Version 16
VisualStudioVersion = 16.0.30204.135
MinimumVisualStudioVersion = 10.0.40219.1
Project("{9A19103F-16F7-4668-BE54-9A1E7A4F7556}") = "DXL_MVC", "DXL_MVC.csproj", "{03E34624-F32B-4F47-845F-C35B9A92379B}"
EndProject
Global
	GlobalSection(SolutionConfigurationPlatforms) = preSolution
		Debug|Any CPU = Debug|Any CPU
		Release|Any CPU = Release|Any CPU
	EndGlobalSection
	GlobalSection(ProjectConfigurationPlatforms) = postSolution
		{03E34624-F32B-4F47-845F-C35B9A92379B}.Debug|Any CPU.ActiveCfg = Debug|Any CPU
		{03E34624-F32B-4F47-845F-C35B9A92379B}.Debug|Any CPU.Build.0 = Debug|Any CPU
		{03E34624-F32B-4F47-845F-C35B9A92379B}.Release|Any CPU.ActiveCfg = Release|Any CPU
		{03E34624-F32B-4F47-845F-C35B9A92379B}.Release|Any CPU.Build.0 = Release|Any CPU
	EndGlobalSection
	GlobalSection(SolutionProperties) = preSolution
		HideSolutionNode = FALSE
	EndGlobalSection
	GlobalSection(ExtensibilityGlobals) = postSolution
		SolutionGuid = {815E1DAF-DC1A-413A-8011-5C24083CA2EF}
	EndGlobalSection
EndGlobal
